
Microsoft Visual Studio Solution File, Format Version 12.00
# Visual Studio Version 17
VisualStudioVersion = 17.8.34330.188
MinimumVisualStudioVersion = 10.0.40219.1
Project("{FAE04EC0-301F-11D3-BF4B-00C04F79EFBC}") = "InterfaceLab", "InterfaceLab\InterfaceLab.csproj", "{C3A5FDFB-4C7C-40B6-8E40-CBCD2DAB0F5C}"
EndProject
Global
	GlobalSection(SolutionConfigurationPlatforms) = preSolution
		Debug|Any CPU = Debug|Any CPU
		Release|Any CPU = Release|Any CPU
	EndGlobalSection
	GlobalSection(ProjectConfigurationPlatforms) = postSolution
		{C3A5FDFB-4C7C-40B6-8E40-CBCD2DAB0F5C}.Debug|Any CPU.ActiveCfg = Debug|Any CPU
		{C3A5FDFB-4C7C-40B6-8E40-CBCD2DAB0F5C}.Debug|Any CPU.Build.0 = Debug|Any CPU
		{C3A5FDFB-4C7C-40B6-8E40-CBCD2DAB0F5C}.Release|Any CPU.ActiveCfg = Release|Any CPU
		{C3A5FDFB-4C7C-40B6-8E40-CBCD2DAB0F5C}.Release|Any CPU.Build.0 = Release|Any CPU
	EndGlobalSection
	GlobalSection(SolutionProperties) = preSolution
		HideSolutionNode = FALSE
	EndGlobalSection
	GlobalSection(ExtensibilityGlobals) = postSolution
		SolutionGuid = {E73B3ABE-AC0F-4C82-8E86-487C3CD6194E}
	EndGlobalSection
EndGlobal
